
Microsoft Visual Studio Solution File, Format Version 12.00
# Visual Studio Version 17
VisualStudioVersion = 17.6.33815.320
MinimumVisualStudioVersion = 10.0.40219.1
Project("{9A19103F-16F7-4668-BE54-9A1E7A4F7556}") = "SharpES.Core", "SharpES.Core\SharpES.Core.csproj", "{B67CBCF4-C344-4DCC-AA16-644FC76211E9}"
EndProject
Project("{9A19103F-16F7-4668-BE54-9A1E7A4F7556}") = "SharpES.Demo", "SharpES.Demo\SharpES.Demo.csproj", "{49F2785B-4860-4F80-AC61-003BBAB2A125}"
EndProject
Global
	GlobalSection(SolutionConfigurationPlatforms) = preSolution
		Debug|Any CPU = Debug|Any CPU
		Release|Any CPU = Release|Any CPU
	EndGlobalSection
	GlobalSection(ProjectConfigurationPlatforms) = postSolution
		{B67CBCF4-C344-4DCC-AA16-644FC76211E9}.Debug|Any CPU.ActiveCfg = Debug|Any CPU
		{B67CBCF4-C344-4DCC-AA16-644FC76211E9}.Debug|Any CPU.Build.0 = Debug|Any CPU
		{B67CBCF4-C344-4DCC-AA16-644FC76211E9}.Release|Any CPU.ActiveCfg = Release|Any CPU
		{B67CBCF4-C344-4DCC-AA16-644FC76211E9}.Release|Any CPU.Build.0 = Release|Any CPU
		{49F2785B-4860-4F80-AC61-003BBAB2A125}.Debug|Any CPU.ActiveCfg = Debug|Any CPU
		{49F2785B-4860-4F80-AC61-003BBAB2A125}.Debug|Any CPU.Build.0 = Debug|Any CPU
		{49F2785B-4860-4F80-AC61-003BBAB2A125}.Release|Any CPU.ActiveCfg = Release|Any CPU
		{49F2785B-4860-4F80-AC61-003BBAB2A125}.Release|Any CPU.Build.0 = Release|Any CPU
	EndGlobalSection
	GlobalSection(SolutionProperties) = preSolution
		HideSolutionNode = FALSE
	EndGlobalSection
	GlobalSection(ExtensibilityGlobals) = postSolution
		SolutionGuid = {2741F8E4-804F-4140-9822-B4834346B776}
	EndGlobalSection
EndGlobal
